
Microsoft Visual Studio Solution File, Format Version 12.00
# Visual Studio Version 16
VisualStudioVersion = 16.0.31911.196
MinimumVisualStudioVersion = 10.0.40219.1
Project("{8BC9CEB8-8B4A-11D0-8D11-00A0C91BC942}") = "STK_Demo1", "STK_Demo1\STK_Demo1.vcxproj", "{BF63FFFE-4FD4-4F89-906D-F6A2438EA402}"
EndProject
Global
	GlobalSection(SolutionConfigurationPlatforms) = preSolution
		Debug|x64 = Debug|x64
		Debug|x86 = Debug|x86
		Release|x64 = Release|x64
		Release|x86 = Release|x86
	EndGlobalSection
	GlobalSection(ProjectConfigurationPlatforms) = postSolution
		{BF63FFFE-4FD4-4F89-906D-F6A2438EA402}.Debug|x64.ActiveCfg = Debug|x64
		{BF63FFFE-4FD4-4F89-906D-F6A2438EA402}.Debug|x64.Build.0 = Debug|x64
		{BF63FFFE-4FD4-4F89-906D-F6A2438EA402}.Debug|x86.ActiveCfg = Debug|Win32
		{BF63FFFE-4FD4-4F89-906D-F6A2438EA402}.Debug|x86.Build.0 = Debug|Win32
		{BF63FFFE-4FD4-4F89-906D-F6A2438EA402}.Release|x64.ActiveCfg = Release|x64
		{BF63FFFE-4FD4-4F89-906D-F6A2438EA402}.Release|x64.Build.0 = Release|x64
		{BF63FFFE-4FD4-4F89-906D-F6A2438EA402}.Release|x86.ActiveCfg = Release|Win32
		{BF63FFFE-4FD4-4F89-906D-F6A2438EA402}.Release|x86.Build.0 = Release|Win32
	EndGlobalSection
	GlobalSection(SolutionProperties) = preSolution
		HideSolutionNode = FALSE
	EndGlobalSection
	GlobalSection(ExtensibilityGlobals) = postSolution
		SolutionGuid = {AB0A1FB3-3921-40AD-A649-A382FBC4A0FC}
	EndGlobalSection
EndGlobal
